
Microsoft Visual Studio Solution File, Format Version 12.00
# Visual Studio Version 17
VisualStudioVersion = 17.7.34003.232
MinimumVisualStudioVersion = 10.0.40219.1
Project("{FAE04EC0-301F-11D3-BF4B-00C04F79EFBC}") = "Inheritance_Justin_palmer", "Inheritance_Justin_palmer.csproj", "{461181DE-DA9A-4304-9EA4-84B8615C9D0C}"
EndProject
Global
	GlobalSection(SolutionConfigurationPlatforms) = preSolution
		Debug|Any CPU = Debug|Any CPU
		Release|Any CPU = Release|Any CPU
	EndGlobalSection
	GlobalSection(ProjectConfigurationPlatforms) = postSolution
		{461181DE-DA9A-4304-9EA4-84B8615C9D0C}.Debug|Any CPU.ActiveCfg = Debug|Any CPU
		{461181DE-DA9A-4304-9EA4-84B8615C9D0C}.Debug|Any CPU.Build.0 = Debug|Any CPU
		{461181DE-DA9A-4304-9EA4-84B8615C9D0C}.Release|Any CPU.ActiveCfg = Release|Any CPU
		{461181DE-DA9A-4304-9EA4-84B8615C9D0C}.Release|Any CPU.Build.0 = Release|Any CPU
	EndGlobalSection
	GlobalSection(SolutionProperties) = preSolution
		HideSolutionNode = FALSE
	EndGlobalSection
	GlobalSection(ExtensibilityGlobals) = postSolution
		SolutionGuid = {63A7EADA-71B2-4BAA-9848-A6CDF0CA663B}
	EndGlobalSection
EndGlobal
